
Microsoft Visual Studio Solution File, Format Version 12.00
# Visual Studio 2013
VisualStudioVersion = 12.0.40418.0
MinimumVisualStudioVersion = 10.0.40219.1
Project("{2150E333-8FDC-42A3-9474-1A3956D46DE8}") = "1. Core", "1. Core", "{2223A8F4-ABC1-4F14-B4F0-97A290A493C8}"
EndProject
Project("{2150E333-8FDC-42A3-9474-1A3956D46DE8}") = "2. DataAccess", "2. DataAccess", "{079DD0D3-BC7D-4C1F-8ADE-035D60838BCF}"
EndProject
Project("{2150E333-8FDC-42A3-9474-1A3956D46DE8}") = "3. BLL", "3. BLL", "{48708802-3B49-43B6-9111-8FA87CD62780}"
EndProject
Project("{2150E333-8FDC-42A3-9474-1A3956D46DE8}") = "4. API Logic", "4. API Logic", "{CF9BA912-F8DF-4332-AF05-A90107CE996C}"
EndProject
Project("{2150E333-8FDC-42A3-9474-1A3956D46DE8}") = "xTest", "xTest", "{F059DE01-EA43-42F6-8B2A-3D772CAD361E}"
EndProject
Project("{FAE04EC0-301F-11D3-BF4B-00C04F79EFBC}") = "Favesrus.UnitTest", "Favesrus.UnitTest\Favesrus.UnitTest.csproj", "{041262F3-A899-4AA6-94E8-D7C139F5394B}"
EndProject
Project("{FAE04EC0-301F-11D3-BF4B-00C04F79EFBC}") = "Favesrus.IntegrationTest", "Favesrus.IntegrationTest\Favesrus.IntegrationTest.csproj", "{5C2E4902-A629-41B9-915B-16BB30E829FA}"
EndProject
Project("{2150E333-8FDC-42A3-9474-1A3956D46DE8}") = "0. Solution Items", "0. Solution Items", "{6B7DD0C7-3B2E-4CA2-ABD8-1357CEE6361F}"
	ProjectSection(SolutionItems) = preProject
		build.proj = build.proj
		nuget.config = nuget.config
	EndProjectSection
EndProject
Project("{FAE04EC0-301F-11D3-BF4B-00C04F79EFBC}") = "Favesrus.DAL", "Favesrus.DAL\Favesrus.DAL.csproj", "{4F7CE7D0-24DF-4A9F-B38B-6D909CF8C204}"
EndProject
Project("{FAE04EC0-301F-11D3-BF4B-00C04F79EFBC}") = "Favesrus.Services", "Favesrus.Services\Favesrus.Services.csproj", "{858D9ECB-8477-4899-A0A8-F5194BDA3AA1}"
EndProject
Project("{2150E333-8FDC-42A3-9474-1A3956D46DE8}") = "5. API", "5. API", "{B562ADC7-1B68-4B19-B067-A3FC04CD9466}"
EndProject
Project("{2150E333-8FDC-42A3-9474-1A3956D46DE8}") = "6. Client", "6. Client", "{095C041A-8380-4107-8FD8-E516014E2AD5}"
EndProject
Project("{FAE04EC0-301F-11D3-BF4B-00C04F79EFBC}") = "Favesrus.Data", "Favesrus.Data\Favesrus.Data.csproj", "{F6605FD6-F4D4-416D-8C8C-787EBCB7045B}"
EndProject
Project("{FAE04EC0-301F-11D3-BF4B-00C04F79EFBC}") = "Favesrus.API", "Favesrus.API\Favesrus.API.csproj", "{BB37F36B-2A3F-4AAC-A6E1-C4668E79C965}"
EndProject
Project("{FAE04EC0-301F-11D3-BF4B-00C04F79EFBC}") = "Favesrus.ApiService", "Favesrus.ApiService\Favesrus.ApiService.csproj", "{835A3183-737B-442F-9817-F84443679343}"
EndProject
Project("{FAE04EC0-301F-11D3-BF4B-00C04F79EFBC}") = "Favesrus.Core", "Favesrus.Core\Favesrus.Core.csproj", "{45B94D87-3B21-48D8-9A22-8745D10C3111}"
EndProject
Project("{FAE04EC0-301F-11D3-BF4B-00C04F79EFBC}") = "Favesrus.Domain", "Favesrus.Domain\Favesrus.Domain.csproj", "{93724BC5-DC4D-4657-B955-A5C7DDCAECF0}"
EndProject
Project("{FAE04EC0-301F-11D3-BF4B-00C04F79EFBC}") = "Favesrus.Web", "Favesrus.Web\Favesrus.Web.csproj", "{057228CF-D824-4190-A5D7-C4814FF8BC5D}"
EndProject
Global
	GlobalSection(SolutionConfigurationPlatforms) = preSolution
		Debug|Any CPU = Debug|Any CPU
		Release|Any CPU = Release|Any CPU
	EndGlobalSection
	GlobalSection(ProjectConfigurationPlatforms) = postSolution
		{041262F3-A899-4AA6-94E8-D7C139F5394B}.Debug|Any CPU.ActiveCfg = Debug|Any CPU
		{041262F3-A899-4AA6-94E8-D7C139F5394B}.Debug|Any CPU.Build.0 = Debug|Any CPU
		{041262F3-A899-4AA6-94E8-D7C139F5394B}.Release|Any CPU.ActiveCfg = Release|Any CPU
		{041262F3-A899-4AA6-94E8-D7C139F5394B}.Release|Any CPU.Build.0 = Release|Any CPU
		{5C2E4902-A629-41B9-915B-16BB30E829FA}.Debug|Any CPU.ActiveCfg = Debug|Any CPU
		{5C2E4902-A629-41B9-915B-16BB30E829FA}.Debug|Any CPU.Build.0 = Debug|Any CPU
		{5C2E4902-A629-41B9-915B-16BB30E829FA}.Release|Any CPU.ActiveCfg = Release|Any CPU
		{5C2E4902-A629-41B9-915B-16BB30E829FA}.Release|Any CPU.Build.0 = Release|Any CPU
		{4F7CE7D0-24DF-4A9F-B38B-6D909CF8C204}.Debug|Any CPU.ActiveCfg = Debug|Any CPU
		{4F7CE7D0-24DF-4A9F-B38B-6D909CF8C204}.Debug|Any CPU.Build.0 = Debug|Any CPU
		{4F7CE7D0-24DF-4A9F-B38B-6D909CF8C204}.Release|Any CPU.ActiveCfg = Release|Any CPU
		{4F7CE7D0-24DF-4A9F-B38B-6D909CF8C204}.Release|Any CPU.Build.0 = Release|Any CPU
		{858D9ECB-8477-4899-A0A8-F5194BDA3AA1}.Debug|Any CPU.ActiveCfg = Debug|Any CPU
		{858D9ECB-8477-4899-A0A8-F5194BDA3AA1}.Debug|Any CPU.Build.0 = Debug|Any CPU
		{858D9ECB-8477-4899-A0A8-F5194BDA3AA1}.Release|Any CPU.ActiveCfg = Release|Any CPU
		{858D9ECB-8477-4899-A0A8-F5194BDA3AA1}.Release|Any CPU.Build.0 = Release|Any CPU
		{F6605FD6-F4D4-416D-8C8C-787EBCB7045B}.Debug|Any CPU.ActiveCfg = Debug|Any CPU
		{F6605FD6-F4D4-416D-8C8C-787EBCB7045B}.Debug|Any CPU.Build.0 = Debug|Any CPU
		{F6605FD6-F4D4-416D-8C8C-787EBCB7045B}.Release|Any CPU.ActiveCfg = Release|Any CPU
		{F6605FD6-F4D4-416D-8C8C-787EBCB7045B}.Release|Any CPU.Build.0 = Release|Any CPU
		{BB37F36B-2A3F-4AAC-A6E1-C4668E79C965}.Debug|Any CPU.ActiveCfg = Debug|Any CPU
		{BB37F36B-2A3F-4AAC-A6E1-C4668E79C965}.Debug|Any CPU.Build.0 = Debug|Any CPU
		{BB37F36B-2A3F-4AAC-A6E1-C4668E79C965}.Release|Any CPU.ActiveCfg = Release|Any CPU
		{BB37F36B-2A3F-4AAC-A6E1-C4668E79C965}.Release|Any CPU.Build.0 = Release|Any CPU
		{835A3183-737B-442F-9817-F84443679343}.Debug|Any CPU.ActiveCfg = Debug|Any CPU
		{835A3183-737B-442F-9817-F84443679343}.Debug|Any CPU.Build.0 = Debug|Any CPU
		{835A3183-737B-442F-9817-F84443679343}.Release|Any CPU.ActiveCfg = Release|Any CPU
		{835A3183-737B-442F-9817-F84443679343}.Release|Any CPU.Build.0 = Release|Any CPU
		{45B94D87-3B21-48D8-9A22-8745D10C3111}.Debug|Any CPU.ActiveCfg = Debug|Any CPU
		{45B94D87-3B21-48D8-9A22-8745D10C3111}.Debug|Any CPU.Build.0 = Debug|Any CPU
		{45B94D87-3B21-48D8-9A22-8745D10C3111}.Release|Any CPU.ActiveCfg = Release|Any CPU
		{45B94D87-3B21-48D8-9A22-8745D10C3111}.Release|Any CPU.Build.0 = Release|Any CPU
		{93724BC5-DC4D-4657-B955-A5C7DDCAECF0}.Debug|Any CPU.ActiveCfg = Debug|Any CPU
		{93724BC5-DC4D-4657-B955-A5C7DDCAECF0}.Debug|Any CPU.Build.0 = Debug|Any CPU
		{93724BC5-DC4D-4657-B955-A5C7DDCAECF0}.Release|Any CPU.ActiveCfg = Release|Any CPU
		{93724BC5-DC4D-4657-B955-A5C7DDCAECF0}.Release|Any CPU.Build.0 = Release|Any CPU
		{057228CF-D824-4190-A5D7-C4814FF8BC5D}.Debug|Any CPU.ActiveCfg = Debug|Any CPU
		{057228CF-D824-4190-A5D7-C4814FF8BC5D}.Debug|Any CPU.Build.0 = Debug|Any CPU
		{057228CF-D824-4190-A5D7-C4814FF8BC5D}.Release|Any CPU.ActiveCfg = Release|Any CPU
		{057228CF-D824-4190-A5D7-C4814FF8BC5D}.Release|Any CPU.Build.0 = Release|Any CPU
	EndGlobalSection
	GlobalSection(SolutionProperties) = preSolution
		HideSolutionNode = FALSE
	EndGlobalSection
	GlobalSection(NestedProjects) = preSolution
		{041262F3-A899-4AA6-94E8-D7C139F5394B} = {F059DE01-EA43-42F6-8B2A-3D772CAD361E}
		{5C2E4902-A629-41B9-915B-16BB30E829FA} = {F059DE01-EA43-42F6-8B2A-3D772CAD361E}
		{4F7CE7D0-24DF-4A9F-B38B-6D909CF8C204} = {079DD0D3-BC7D-4C1F-8ADE-035D60838BCF}
		{858D9ECB-8477-4899-A0A8-F5194BDA3AA1} = {48708802-3B49-43B6-9111-8FA87CD62780}
		{F6605FD6-F4D4-416D-8C8C-787EBCB7045B} = {2223A8F4-ABC1-4F14-B4F0-97A290A493C8}
		{BB37F36B-2A3F-4AAC-A6E1-C4668E79C965} = {B562ADC7-1B68-4B19-B067-A3FC04CD9466}
		{835A3183-737B-442F-9817-F84443679343} = {CF9BA912-F8DF-4332-AF05-A90107CE996C}
		{45B94D87-3B21-48D8-9A22-8745D10C3111} = {2223A8F4-ABC1-4F14-B4F0-97A290A493C8}
		{93724BC5-DC4D-4657-B955-A5C7DDCAECF0} = {2223A8F4-ABC1-4F14-B4F0-97A290A493C8}
		{057228CF-D824-4190-A5D7-C4814FF8BC5D} = {095C041A-8380-4107-8FD8-E516014E2AD5}
	EndGlobalSection
EndGlobal
