
Microsoft Visual Studio Solution File, Format Version 12.00
# Visual Studio 2013
VisualStudioVersion = 12.0.21005.1
MinimumVisualStudioVersion = 10.0.40219.1
Project("{2150E333-8FDC-42A3-9474-1A3956D46DE8}") = "1. Core", "1. Core", "{2223A8F4-ABC1-4F14-B4F0-97A290A493C8}"
EndProject
Project("{2150E333-8FDC-42A3-9474-1A3956D46DE8}") = "2. DAL", "2. DAL", "{079DD0D3-BC7D-4C1F-8ADE-035D60838BCF}"
EndProject
Project("{2150E333-8FDC-42A3-9474-1A3956D46DE8}") = "3. Services", "3. Services", "{48708802-3B49-43B6-9111-8FA87CD62780}"
EndProject
Project("{2150E333-8FDC-42A3-9474-1A3956D46DE8}") = "4. Server", "4. Server", "{CF9BA912-F8DF-4332-AF05-A90107CE996C}"
EndProject
Project("{2150E333-8FDC-42A3-9474-1A3956D46DE8}") = "xTest", "xTest", "{F059DE01-EA43-42F6-8B2A-3D772CAD361E}"
EndProject
Project("{FAE04EC0-301F-11D3-BF4B-00C04F79EFBC}") = "Favesrus.Common", "Favesrus.Common\Favesrus.Common.csproj", "{45B94D87-3B21-48D8-9A22-8745D10C3111}"
EndProject
Global
	GlobalSection(SolutionConfigurationPlatforms) = preSolution
		Debug|Any CPU = Debug|Any CPU
		Release|Any CPU = Release|Any CPU
	EndGlobalSection
	GlobalSection(ProjectConfigurationPlatforms) = postSolution
		{45B94D87-3B21-48D8-9A22-8745D10C3111}.Debug|Any CPU.ActiveCfg = Debug|Any CPU
		{45B94D87-3B21-48D8-9A22-8745D10C3111}.Debug|Any CPU.Build.0 = Debug|Any CPU
		{45B94D87-3B21-48D8-9A22-8745D10C3111}.Release|Any CPU.ActiveCfg = Release|Any CPU
		{45B94D87-3B21-48D8-9A22-8745D10C3111}.Release|Any CPU.Build.0 = Release|Any CPU
	EndGlobalSection
	GlobalSection(SolutionProperties) = preSolution
		HideSolutionNode = FALSE
	EndGlobalSection
	GlobalSection(NestedProjects) = preSolution
		{45B94D87-3B21-48D8-9A22-8745D10C3111} = {2223A8F4-ABC1-4F14-B4F0-97A290A493C8}
	EndGlobalSection
EndGlobal
